
Microsoft Visual Studio Solution File, Format Version 12.00
# Visual Studio Version 16
VisualStudioVersion = 16.0.32106.194
MinimumVisualStudioVersion = 10.0.40219.1
Project("{FAE04EC0-301F-11D3-BF4B-00C04F79EFBC}") = "DataAccess", "DataAccess\DataAccess.csproj", "{8C1A6A98-4702-40EA-B744-AC283382207C}"
EndProject
Project("{FAE04EC0-301F-11D3-BF4B-00C04F79EFBC}") = "CRUD Operation", "CRUDOperation\CRUD Operation.csproj", "{536A8DA5-0F86-4B5A-8C6E-A443B2CAD94D}"
EndProject
Global
	GlobalSection(SolutionConfigurationPlatforms) = preSolution
		Debug|Any CPU = Debug|Any CPU
		Release|Any CPU = Release|Any CPU
	EndGlobalSection
	GlobalSection(ProjectConfigurationPlatforms) = postSolution
		{8C1A6A98-4702-40EA-B744-AC283382207C}.Debug|Any CPU.ActiveCfg = Debug|Any CPU
		{8C1A6A98-4702-40EA-B744-AC283382207C}.Debug|Any CPU.Build.0 = Debug|Any CPU
		{8C1A6A98-4702-40EA-B744-AC283382207C}.Release|Any CPU.ActiveCfg = Release|Any CPU
		{8C1A6A98-4702-40EA-B744-AC283382207C}.Release|Any CPU.Build.0 = Release|Any CPU
		{536A8DA5-0F86-4B5A-8C6E-A443B2CAD94D}.Debug|Any CPU.ActiveCfg = Debug|Any CPU
		{536A8DA5-0F86-4B5A-8C6E-A443B2CAD94D}.Debug|Any CPU.Build.0 = Debug|Any CPU
		{536A8DA5-0F86-4B5A-8C6E-A443B2CAD94D}.Release|Any CPU.ActiveCfg = Release|Any CPU
		{536A8DA5-0F86-4B5A-8C6E-A443B2CAD94D}.Release|Any CPU.Build.0 = Release|Any CPU
	EndGlobalSection
	GlobalSection(SolutionProperties) = preSolution
		HideSolutionNode = FALSE
	EndGlobalSection
	GlobalSection(ExtensibilityGlobals) = postSolution
		SolutionGuid = {C9ED40A6-082C-4BFE-AD93-ABF25559D4A2}
	EndGlobalSection
EndGlobal
